schema: '2.0'
stages:
  split:
    cmd: python src/data/data_split.py
    deps:
    - path: data/raw/raw.csv
      hash: md5
      md5: 617b56af2992376d5c3e91ad80823898
      size: 333757
    - path: src/data/data_split.py
      hash: md5
      md5: 664175b6c85896a04bb928015e153e5f
      size: 737
    outs:
    - path: data/processed/X_test.csv
      hash: md5
      md5: b6c2910e3b3fc562c5b516b63fc3e22c
      size: 59909
    - path: data/processed/X_train.csv
      hash: md5
      md5: ef01f67c035349e375300528a99938f5
      size: 238533
    - path: data/processed/y_test.csv
      hash: md5
      md5: a051d29629c8bbb4cfb7e85c7f0315da
      size: 6456
    - path: data/processed/y_train.csv
      hash: md5
      md5: a9cd9d91da89f732843d72548f64ded3
      size: 25951
  normalize:
    cmd: python src/data/normalize.py
    deps:
    - path: data/processed/X_train.csv
      hash: md5
      md5: ef01f67c035349e375300528a99938f5
      size: 238533
    - path: src/data/normalize.py
      hash: md5
      md5: 9d4d4e6dba47fdff805379bbf98877e9
      size: 1104
    outs:
    - path: data/processed/X_test_scaled.csv
      hash: md5
      md5: 9e839748398b95840132d75fc7a0bd61
      size: 63151
    - path: data/processed/X_train_scaled.csv
      hash: md5
      md5: e0d4fb360f1ca655d7bc0cbd38ac0b10
      size: 251289
  grid_search:
    cmd: python src/models/grid_search.py
    deps:
    - path: data/processed/X_train_scaled.csv
      hash: md5
      md5: e0d4fb360f1ca655d7bc0cbd38ac0b10
      size: 251289
    - path: data/processed/y_train.csv
      hash: md5
      md5: a9cd9d91da89f732843d72548f64ded3
      size: 25951
    - path: src/models/grid_search.py
      hash: md5
      md5: 75106d3ec57e7a758987e275fadc4597
      size: 1273
    outs:
    - path: models/best_params.pkl
      hash: md5
      md5: 6aa6d445eb546e7fdbd9b788ca47abc2
      size: 72
  evaluate:
    cmd: python src/models/evaluate.py
    deps:
    - path: data/processed/X_test_scaled.csv
      hash: md5
      md5: 9e839748398b95840132d75fc7a0bd61
      size: 63151
    - path: data/processed/y_test.csv
      hash: md5
      md5: a051d29629c8bbb4cfb7e85c7f0315da
      size: 6456
    - path: models/gbr_model.pkl
      hash: md5
      md5: 084518428a0e3335476642c6183bb4bf
      size: 826951
    - path: src/models/evaluate.py
      hash: md5
      md5: 28884eaeaac30edac3c9f88b8cab2622
      size: 1353
    outs:
    - path: data/processed/prediction.csv
      hash: md5
      md5: 3ddfa997c8afabca87e97ed7776d9bd4
      size: 6771
    - path: metrics/scores.json
      hash: md5
      md5: e6bb4ef9e6ff7e2873fadd5387d3e81a
      size: 54
  training:
    cmd: python src/models/training.py
    deps:
    - path: data/processed/X_train_scaled.csv
      hash: md5
      md5: e0d4fb360f1ca655d7bc0cbd38ac0b10
      size: 251289
    - path: data/processed/y_train.csv
      hash: md5
      md5: a9cd9d91da89f732843d72548f64ded3
      size: 25951
    - path: models/best_params.pkl
      hash: md5
      md5: 6aa6d445eb546e7fdbd9b788ca47abc2
      size: 72
    - path: src/models/training.py
      hash: md5
      md5: 7f6aeb7901366de2412b10d170945935
      size: 1093
    outs:
    - path: models/gbr_model.pkl
      hash: md5
      md5: 084518428a0e3335476642c6183bb4bf
      size: 826951
